schema_version = '1'

[files]
[files.'.dcignore']
last_sync_time = '2026-08-13T20:16:23Z'
source_hash = ''
dest_hash = 'sha256:282c7fc34732562d213ddada4d821d5190ff33ff01cefebbc239296f7821d440'

[files.'.depgen.toml']
last_sync_time = '2026-08-14T15:37:16Z'
source_hash = ''
dest_hash = 'sha256:d2e579bd5181403d273c4cf7f400587536d697a4ab36fcbee6af77f55654380d'

[files.'.editorconfig']
last_sync_time = '2026-08-13T20:16:23Z'
source_hash = ''
dest_hash = 'sha256:b56b4ac30b50f4d8d1170e794e66efa88078bbc420851e8251d3de0cb6baf045'

[files.'.git-blame-ignore-revs']
last_sync_time = '2026-08-13T20:16:23Z'
source_hash = ''
dest_hash = 'sha256:3bec63195a5ab3ff6069b0b8f34fd3570238693d1f9f433f10fb87d7ce8d503d'

[files.'.gitattributes']
last_sync_time = '2026-08-13T20:16:23Z'
source_hash = ''
dest_hash = 'sha256:88bc7cdd653f141ad69074980ea2aab33409c2139a2f14de16fd6bc6e54c3817'

[files.'.github/CODEOWNERS']
last_sync_time = '2026-08-13T20:16:24Z'
source_hash = ''
dest_hash = 'sha256:0370fa79804d2f4734c02214b9929a035d8682cede2631beab242512df95bc7c'

[files.'.github/FUNDING.yml']
last_sync_time = '2026-08-13T20:16:24Z'
source_hash = ''
dest_hash = 'sha256:d66afeb2fed2fb1be42624da553a483407bb50f86005667d6b6585d5a54d402c'

[files.'.github/ISSUE_TEMPLATE/']
last_sync_time = '2026-08-13T20:16:24Z'
source_hash = ''
dest_hash = 'dir:initialized'

[files.'.github/copilot-instructions.md']
last_sync_time = '2026-08-20T19:56:22Z'
source_hash = ''
dest_hash = 'sha256:c7384d69752a5f4a76f318005431c17570e3d37b5d36fc4cefab8cd01500e957'

[files.'.github/dco.yml']
last_sync_time = '2026-08-13T20:16:24Z'
source_hash = ''
dest_hash = 'sha256:7dd87ff71dc8fb0b8e4687260c3be516c01945b385d52bc80886480d511b6d13'

[files.'.github/dependabot.yml']
last_sync_time = '2026-08-13T20:16:24Z'
source_hash = ''
dest_hash = 'sha256:8270a3751b6da3c012a2e10dba6c28bd03b49042c459729fc66bda15b4126994'

[files.'.github/workflows/codeql.yml']
last_sync_time = '2026-08-20T19:56:22Z'
source_hash = ''
dest_hash = 'sha256:670cc7fac1a8a985618d58ae33cd5fb031feb69e59b86a8536743b2e0cd01598'

[files.'.github/workflows/dependabot-auto-merge.yml']
last_sync_time = '2026-08-20T19:56:22Z'
source_hash = ''
dest_hash = 'sha256:804886c051c597ec695b4eda71d822de614a8049d244eb9b789e8c164ba79236'

[files.'.github/workflows/dependency-review.yml']
last_sync_time = '2026-08-20T19:56:22Z'
source_hash = ''
dest_hash = 'sha256:20bbc2fbedf9e023c69fb9cfca8eec42133a03d66cdffda463f8b895fbbf1439'

[files.'.github/workflows/osv-scanner.yml']
last_sync_time = '2026-08-20T19:56:22Z'
source_hash = ''
dest_hash = 'sha256:0f7faba0f1a62e44b05f9d88cf5e7fc7b5ff65ffe74797585d19ebaf69fbab90'

[files.'.github/workflows/scorecard.yml']
last_sync_time = '2026-08-20T19:56:22Z'
source_hash = ''
dest_hash = 'sha256:fe020bf3a5abb7f7171f5418c9c334216a8c03dbe81273066c6d92d8a4eebe59'

[files.'.github/workflows/test.yml']
last_sync_time = '2026-08-20T19:56:22Z'
source_hash = ''
dest_hash = 'sha256:5ea6e90c08d4c2e2d0b480dfc4841ef319b5dfaa0e0457d12ac901db251235e4'

[files.'.github/workflows/trufflehog.yml']
last_sync_time = '2026-08-20T19:56:22Z'
source_hash = ''
dest_hash = 'sha256:fbdbdb6cc9a1d7a6a842351d8d27df4ab26677579fca9fafd40de80ad555d539'

[files.'.github/workflows/update-on-push.yml']
last_sync_time = '2026-08-20T19:56:22Z'
source_hash = ''
dest_hash = 'sha256:69d056f3ecae931eb276e5e0975793905b616e320689d0eca8aea127bd5cd309'

[files.'.github/zizmor.yml']
last_sync_time = '2026-08-13T20:16:24Z'
source_hash = ''
dest_hash = 'sha256:7a5d228ab5dac305192a23dee16960c3caf9e57d6f1bf58db8f06840572dd233'

[files.'.gitignore']
last_sync_time = '2026-08-13T20:16:23Z'
source_hash = ''
dest_hash = 'sha256:e3b0c44298fc1c149afbf4c8996fb92427ae41e4649b934ca495991b7852b855'

[files.'.golangci.yml']
last_sync_time = '2026-08-20T19:56:22Z'
source_hash = ''
dest_hash = 'sha256:813240a80747bcbf7395b55327b56d3f2cabc585cf5cad255253a09ee0478eef'

[files.'.gommit.toml']
last_sync_time = '2026-08-20T19:56:22Z'
source_hash = ''
dest_hash = 'sha256:8b99cde1f1b1b81c0e067c5d6953dd5c7e850e7978c6a3fcfc3af62574c5463e'

[files.'.kiro/steering/add-code-comments.md']
last_sync_time = '2026-08-13T20:16:23Z'
source_hash = ''
dest_hash = 'sha256:db185b3f78e456ea00542028c99657fa2941d418bf848afa724598925e875cea'

[files.'.kiro/steering/comprehensive-and-quickstart.md']
last_sync_time = '2026-08-13T20:16:23Z'
source_hash = ''
dest_hash = 'sha256:f1637efaeb4afa93c5e31ef36a89c9cda92405c0adff192dd582e25edaa258b0'

[files.'.kiro/steering/generate-agents-md.md']
last_sync_time = '2026-08-13T20:16:23Z'
source_hash = ''
dest_hash = 'sha256:fd8dfc21179f8a200fbdec76b31a618a1dfcc56d0830d3bb64545d2939a6587a'

[files.'.kiro/steering/go-cli-application.md']
last_sync_time = '2026-08-13T20:16:10Z'
source_hash = ''
dest_hash = 'sha256:fb1ca2caa287d4497fec33e5abea46021e02f8fc4c522bae79777834fbb6f817'

[files.'.kiro/steering/go-code-conventions.md']
last_sync_time = '2026-08-20T19:56:22Z'
source_hash = ''
dest_hash = 'sha256:fdc578e6ca51a189e98911db52484b633a4f9dd0b13512d799c0377b6f02f536'

[files.'.kiro/steering/markdown-style.md']
last_sync_time = '2026-08-13T20:16:24Z'
source_hash = ''
dest_hash = 'sha256:bb24d2341efd88981131f70e2d12e9425c9e7bedd5021c2d917bcff2b521c6db'

[files.'.kiro/steering/root-level-readme.md']
last_sync_time = '2026-08-13T20:16:23Z'
source_hash = ''
dest_hash = 'sha256:278ccae950e41ea7331f948fed8f04525e38649902c9daf358829bdece521031'

[files.'.kirograph/']
last_sync_time = '2026-08-13T20:16:24Z'
source_hash = ''
dest_hash = 'dir:initialized'

[files.'.kirograph/.gitignore']
last_sync_time = '2026-08-13T20:16:24Z'
source_hash = ''
dest_hash = 'sha256:7ac823d020226850ad79201f67c54ece6a513573c46aca2ae3b3fb3c2cafb363'

[files.'.mailmap']
last_sync_time = '2026-08-13T20:16:23Z'
source_hash = ''
dest_hash = 'sha256:17dbcb04d37008fd721820969ba3ef3c49705b7eefe1760dac989034c5415395'

[files.'.pinact.yaml']
last_sync_time = '2026-08-20T19:56:22Z'
source_hash = ''
dest_hash = 'sha256:a9e220b092b3ff4ee76cdfa267945b1410ec51507d9ebeb8299f9a2efeb8cf4c'

[files.'.rumdl.toml']
last_sync_time = '2026-08-20T19:56:22Z'
source_hash = ''
dest_hash = 'sha256:eb74f04897d1eb1a6bafb3a06929b6dfd9209f7c422036ef48b8a95af655d3c9'

[files.'.shellcheckrc']
last_sync_time = '2026-08-13T20:16:23Z'
source_hash = ''
dest_hash = 'sha256:64f0be43f9a3a049d5e56951767113f21900269f1f4ac33a63f9d19111142352'

[files.'.shuck.toml']
last_sync_time = '2026-08-20T19:56:22Z'
source_hash = ''
dest_hash = 'sha256:835ba2f43b09defb26cc31b569e87f54810411993084051fc524a7a367534e53'

[files.'.taplo.toml']
last_sync_time = '2026-08-20T19:56:22Z'
source_hash = ''
dest_hash = 'sha256:4dddd90976ca596b7c5cb8a24020d0fbcd0608340670f72ecb314e1ff06c516d'

[files.'.trivyignore.yaml']
last_sync_time = '2026-08-13T20:16:24Z'
source_hash = ''
dest_hash = 'sha256:ad0f1a6c94a321064322cd62c813e056261c713a0a853ce4c3317931e15afd6c'

[files.'.vscode/README.md']
last_sync_time = '2026-08-13T20:16:24Z'
source_hash = ''
dest_hash = 'sha256:d622d7189f6a48cbdb4e298ac0ac23e2801639d40c91d4b06eec4923b6ad11dc'

[files.'.vscode/extensions-golang.toml']
last_sync_time = '2026-08-13T20:16:11Z'
source_hash = ''
dest_hash = 'sha256:bd09be72620b46f45b3798c1fe414da693e2de28c5987849efed7b425e8f573b'

[files.'.vscode/extensions-standard.toml']
last_sync_time = '2026-08-13T20:16:24Z'
source_hash = ''
dest_hash = 'sha256:6e4c2353bb760714100dd5332ac877612930d23fca2b0fc71715aa7933bb7fb7'

[files.'.vscode/extensions.sh']
last_sync_time = '2026-08-13T20:16:24Z'
source_hash = ''
dest_hash = 'sha256:d525ead29cc7ddab318b5376924a61171fa7da3cdfa7d69203dacbf297eb2976'

[files.'.vscode/settings-golang.toml']
last_sync_time = '2026-08-20T19:56:22Z'
source_hash = ''
dest_hash = 'sha256:c1efc9e31bbd67ed5011a12c390ddf3fa37dc5153ac2d154bbf93df0c9e6ba0b'

[files.'.vscode/settings-llm.toml']
last_sync_time = '2026-08-20T19:56:23Z'
source_hash = ''
dest_hash = 'sha256:94bbbdabe84fc9e899b566ed20dfc44f7bb1e542c8ee18a9d8879d554811140e'

[files.'.vscode/settings-ros.toml']
last_sync_time = '2026-08-13T20:16:24Z'
source_hash = ''
dest_hash = 'sha256:4390e4b17740e84c594b9ca41ec20d4319cfed464612e5ebfbe7e1a2b9bdea60'

[files.'.vscode/settings-standard.toml']
last_sync_time = '2026-08-14T15:37:17Z'
source_hash = ''
dest_hash = 'sha256:35be7e78e973c80c2f5983a7fda25700ffc7b1925d8f5ea06b6e3666b29b6a87'

[files.'.vscode/settings.sh']
last_sync_time = '2026-08-13T20:16:24Z'
source_hash = ''
dest_hash = 'sha256:40f8b9893bfc72b3efff1f2fe0c30f99387d6d7c39adfe0c581c419b95efa425'

[files.'.yamlfmt.yml']
last_sync_time = '2026-08-13T20:16:42Z'
source_hash = ''
dest_hash = 'sha256:434452299789365a52a38b5778dbe6a74a3e5df25e2af741160de3017c5be39c'

[files.'CHANGELOG.md']
last_sync_time = '2026-08-13T20:16:23Z'
source_hash = ''
dest_hash = 'sha256:db7b8f64cd15911806d30ed07d5ef6386913eb29b14a2acdd313d1076d1600e2'

[files.Makefile]
last_sync_time = '2026-08-13T20:16:25Z'
source_hash = ''
dest_hash = 'sha256:682525d5f96c552b6ad00496bae95e238d4f9fb0331b6f38868322def11db6b9'

[files.'Taskfile.dist.yml']
last_sync_time = '2026-08-20T19:56:23Z'
source_hash = ''
dest_hash = 'sha256:a0d2d13ec97473927aeb06283b2c485ddf494212c71ed710f744c044e238c304'

[files.'cliff.toml']
last_sync_time = '2026-08-20T19:56:22Z'
source_hash = ''
dest_hash = 'sha256:d29003859e88932bdb7538c96b48456a652c737c641cbf942e55b92680f801bf'

[files.'ecrc.toml']
last_sync_time = '2026-08-20T19:56:23Z'
source_hash = ''
dest_hash = 'sha256:19dad5110aebe2cc83c27f0e9e5530e2fa4325ba7e363f5ed92672bc707e40f6'

[files.'hk.pkl']
last_sync_time = '2026-08-20T19:56:22Z'
source_hash = ''
dest_hash = 'sha256:1bc56ebfbc734621cae94d6ba0f79c40a6fc97d528d6f7203ae3d99471109d0f'

[files.'lychee.toml']
last_sync_time = '2026-08-13T20:16:23Z'
source_hash = ''
dest_hash = 'sha256:5eff67557fb8e3e8964830fe4e60ed1e4b8aab4406431739207f3f1af04e6f61'

[files.'osv-scanner.toml']
last_sync_time = '2026-08-13T20:16:23Z'
source_hash = ''
dest_hash = 'sha256:6dde1b2be039f8f81a099414f8e03802d5c55713cabac8bddba091892a9afd46'

[files.'scripts/generate-contributors.sh']
last_sync_time = '2026-08-20T19:56:22Z'
source_hash = ''
dest_hash = 'sha256:592727f74c07f3d3929c8d6e1c9768d461901b88642a6f53c21f9c72f4e1c8ee'

[files.'tools/Brewfile.golang']
last_sync_time = '2026-08-13T20:16:23Z'
source_hash = ''
dest_hash = 'sha256:8cc2cf0880c4f677fcd151fd3cfd3e32bb13b877945902aed76d69e1da428c59'

[files.'tools/Brewfile.standard']
last_sync_time = '2026-08-13T20:16:37Z'
source_hash = ''
dest_hash = 'sha256:027ac697cba028cd425e1a2c67039742ed15ec897603c2a5daf00ea0dc3e4daa'

[files.'tools/Taskfile.admin.yml']
last_sync_time = '2026-08-13T20:16:25Z'
source_hash = ''
dest_hash = 'sha256:a051208ee7a4fb678bd6087bb457a6db2c032dded0d42dcc5711d5958c14fe42'

[files.'tools/Taskfile.gitconfig.yml']
last_sync_time = '2026-08-13T20:16:25Z'
source_hash = ''
dest_hash = 'sha256:9cec8f98d69082fe0ee64561040aac7d45fc2ddd9c9a32935d4f230cd0770bb5'

[files.'tools/Taskfile.golang.yml']
last_sync_time = '2026-08-13T20:16:11Z'
source_hash = ''
dest_hash = 'sha256:19e63fe7a3c430e94f202f1e11455c8bb7514ac13a63905341711e43982ac4d9'

[files.'tools/Taskfile.internal.yml']
last_sync_time = '2026-08-13T20:16:25Z'
source_hash = ''
dest_hash = 'sha256:0fbf414702b857f426fe58c243ef4ebbfc3756f8f9b2b7b2c463ccfb16cf54f5'

[files.'tools/Taskfile.kiro.yml']
last_sync_time = '2026-08-13T20:16:25Z'
source_hash = ''
dest_hash = 'sha256:884076ad6baa6da72b48320d5b3adf882e6218f9b065d586d1c411c74116da8b'

[files.'tools/ogvs.config.yaml']
last_sync_time = '2026-08-14T15:37:17Z'
source_hash = ''
dest_hash = 'sha256:9d73bf69dc01d7ab0b571a4caf3ac1cc092fd053440855f3d322a2fbf05f8c0c'

[files.'trivy-license.yaml']
last_sync_time = '2026-08-14T15:37:16Z'
source_hash = ''
dest_hash = 'sha256:c2810b6f48789870be1b9473b2cb2afbe2c590844ed4d7d6645051c0e9214e47'

[files.'trivy-vuln.yaml']
last_sync_time = '2026-08-13T20:16:24Z'
source_hash = ''
dest_hash = 'sha256:fa359d0b9e9559e78b23f01cb9d01a7926042d7a98ecf7d517ac6432b22d9306'
